{
  "name": "claude-exp-launcher",
  "version": "0.1.0",
  "lockfileVersion": 3,
  "requires": true,
  "packages": {
    "": {
      "name": "claude-exp-launcher",
      "version": "0.1.0",
      "bin": {
        "claude-exp": "bin/claude-exp.js"
      },
      "engines": {
        "node": ">=18"
      }
    }
  }
}
